# This file is autogenerated, do not edit; changes may be undone by the next 'dep ensure'.


[[projects]]
  name = "gocv.io/x/gocv"
  packages = ["."]
  revision = "3be8ce8c6f62591817042dd3913fb233023326c3"
  version = "0.13.0"

[solve-meta]
  analyzer-name = "dep"
  analyzer-version = 1
  inputs-digest = "78e8d2800a0c9a845cfddbf2c9c91eb8b15acc21aff65e8a6d6bbf8e58a78977"
  solver-name = "gps-cdcl"
  solver-version = 1
